Microsoft Visual Studio Solution File, Format Version 12.00
# Visual Studio Version 17
VisualStudioVersion = 17.5.2.0
MinimumVisualStudioVersion = 10.0.40219.1
Project("{FAE04EC0-301F-11D3-BF4B-00C04F79EFBC}") = "Task_A_SumAndXOR", "Task_A_SumAndXOR.csproj", "{B0444567-C71C-7D90-4D1F-C09BACD86496}"
EndProject
Global
	GlobalSection(SolutionConfigurationPlatforms) = preSolution
		Debug|Any CPU = Debug|Any CPU
		Release|Any CPU = Release|Any CPU
	EndGlobalSection
	GlobalSection(ProjectConfigurationPlatforms) = postSolution
		{B0444567-C71C-7D90-4D1F-C09BACD86496}.Debug|Any CPU.ActiveCfg = Debug|Any CPU
		{B0444567-C71C-7D90-4D1F-C09BACD86496}.Debug|Any CPU.Build.0 = Debug|Any CPU
		{B0444567-C71C-7D90-4D1F-C09BACD86496}.Release|Any CPU.ActiveCfg = Release|Any CPU
		{B0444567-C71C-7D90-4D1F-C09BACD86496}.Release|Any CPU.Build.0 = Release|Any CPU
	EndGlobalSection
	GlobalSection(SolutionProperties) = preSolution
		HideSolutionNode = FALSE
	EndGlobalSection
	GlobalSection(ExtensibilityGlobals) = postSolution
		SolutionGuid = {30B20CA6-6CE2-4471-994A-F060898BC92E}
	EndGlobalSection
EndGlobal
